
Microsoft Visual Studio Solution File, Format Version 12.00
# Visual Studio Version 16
VisualStudioVersion = 16.0.30804.86
MinimumVisualStudioVersion = 10.0.40219.1
Project("{FAE04EC0-301F-11D3-BF4B-00C04F79EFBC}") = "Menu", "Menu\Menu.csproj", "{0D4A3695-C479-4A99-9FD8-7A76F488ACF6}"
EndProject
Global
	GlobalSection(SolutionConfigurationPlatforms) = preSolution
		Debug|Any CPU = Debug|Any CPU
		Release|Any CPU = Release|Any CPU
	EndGlobalSection
	GlobalSection(ProjectConfigurationPlatforms) = postSolution
		{0D4A3695-C479-4A99-9FD8-7A76F488ACF6}.Debug|Any CPU.ActiveCfg = Debug|Any CPU
		{0D4A3695-C479-4A99-9FD8-7A76F488ACF6}.Debug|Any CPU.Build.0 = Debug|Any CPU
		{0D4A3695-C479-4A99-9FD8-7A76F488ACF6}.Release|Any CPU.ActiveCfg = Release|Any CPU
		{0D4A3695-C479-4A99-9FD8-7A76F488ACF6}.Release|Any CPU.Build.0 = Release|Any CPU
	EndGlobalSection
	GlobalSection(SolutionProperties) = preSolution
		HideSolutionNode = FALSE
	EndGlobalSection
	GlobalSection(ExtensibilityGlobals) = postSolution
		SolutionGuid = {414B6B62-DAE8-4F0E-BAF6-0A9671069DDF}
	EndGlobalSection
EndGlobal
